
Microsoft Visual Studio Solution File, Format Version 12.00
# Visual Studio Version 17
VisualStudioVersion = 17.13.35825.156 d17.13
MinimumVisualStudioVersion = 10.0.40219.1
Project("{8BC9CEB8-8B4A-11D0-8D11-00A0C91BC942}") = "Project1", "Project1\Project1.vcxproj", "{B9AB27FB-0690-417D-BE27-0A04FDFD4210}"
EndProject
Global
	GlobalSection(SolutionConfigurationPlatforms) = preSolution
		Debug|x64 = Debug|x64
		Debug|x86 = Debug|x86
		Release|x64 = Release|x64
		Release|x86 = Release|x86
	EndGlobalSection
	GlobalSection(ProjectConfigurationPlatforms) = postSolution
		{B9AB27FB-0690-417D-BE27-0A04FDFD4210}.Debug|x64.ActiveCfg = Debug|x64
		{B9AB27FB-0690-417D-BE27-0A04FDFD4210}.Debug|x64.Build.0 = Debug|x64
		{B9AB27FB-0690-417D-BE27-0A04FDFD4210}.Debug|x86.ActiveCfg = Debug|Win32
		{B9AB27FB-0690-417D-BE27-0A04FDFD4210}.Debug|x86.Build.0 = Debug|Win32
		{B9AB27FB-0690-417D-BE27-0A04FDFD4210}.Release|x64.ActiveCfg = Release|x64
		{B9AB27FB-0690-417D-BE27-0A04FDFD4210}.Release|x64.Build.0 = Release|x64
		{B9AB27FB-0690-417D-BE27-0A04FDFD4210}.Release|x86.ActiveCfg = Release|Win32
		{B9AB27FB-0690-417D-BE27-0A04FDFD4210}.Release|x86.Build.0 = Release|Win32
	EndGlobalSection
	GlobalSection(SolutionProperties) = preSolution
		HideSolutionNode = FALSE
	EndGlobalSection
	GlobalSection(ExtensibilityGlobals) = postSolution
		SolutionGuid = {CA188BF6-5561-4349-9EC1-D49F1BD9B6C0}
	EndGlobalSection
EndGlobal
